Microsoft Visual Studio Solution File, Format Version 12.00
# Visual Studio Version 17
VisualStudioVersion = 17.0.0.0
MinimumVisualStudioVersion = 17.0.0.0

Project("{9A19103F-16F7-4668-BE54-9A1E7A4F7556}") = "AmosFriendsPhotoAlbum.Server", "Server\AmosFriendsPhotoAlbum.Server.csproj", "{4E108064-4DA2-4E22-AFB8-FBB604060467}"
EndProject
Project("{9A19103F-16F7-4668-BE54-9A1E7A4F7556}") = "AmosFriendsPhotoAlbum.Client", "Client\AmosFriendsPhotoAlbum.Client.csproj", "{91F735CC-1FB3-4A96-9451-EE8866C0417F}"
EndProject
EndProject
Global
	GlobalSection(SolutionConfigurationPlatforms) = preSolution
		Debug|Any CPU = Debug|Any CPU
		Release|Any CPU = Release|Any CPU
	EndGlobalSection
	GlobalSection(ProjectConfigurationPlatforms) = postSolution

		{91F735CC-1FB3-4A96-9451-EE8866C0417F}.Debug|Any CPU.ActiveCfg = Debug|Any CPU
		{91F735CC-1FB3-4A96-9451-EE8866C0417F}.Debug|Any CPU.Build.0 = Debug|Any CPU
		{91F735CC-1FB3-4A96-9451-EE8866C0417F}.Release|Any CPU.ActiveCfg = Release|Any CPU
		{91F735CC-1FB3-4A96-9451-EE8866C0417F}.Release|Any CPU.Build.0 = Release|Any CPU
		{4E108064-4DA2-4E22-AFB8-FBB604060467}.Debug|Any CPU.ActiveCfg = Debug|Any CPU
		{4E108064-4DA2-4E22-AFB8-FBB604060467}.Debug|Any CPU.Build.0 = Debug|Any CPU
		{4E108064-4DA2-4E22-AFB8-FBB604060467}.Release|Any CPU.ActiveCfg = Release|Any CPU
		{4E108064-4DA2-4E22-AFB8-FBB604060467}.Release|Any CPU.Build.0 = Release|Any CPU
	EndGlobalSection
	GlobalSection(SolutionProperties) = preSolution
		HideSolutionNode = FALSE
	EndGlobalSection
	GlobalSection(ExtensibilityGlobals) = postSolution
		SolutionGuid = {E5FD359E-55BF-4CE7-A6FF-AFEB65EDC4A4}
	EndGlobalSection
EndGlobal